// !$*UTF8*$!
{
	archiveVersion = 1;
	classes = {
	};
	objectVersion = 46;
	objects = {

/* Begin PBXBuildFile section */
		1BA41E977C738BC865DFA0B1 /* PowerAssertionManager.swift in Sources */ = {isa = PBXBuildFile; fileRef = 1BA41B1B7ED4F046AA91E399 /* PowerAssertionManager.swift */; };
		85721156283B607000C36D5F /* UlalacaCore.framework in Frameworks */ = {isa = PBXBuildFile; fileRef = 85721155283B607000C36D5F /* UlalacaCore.framework */; };
		85721157283B607000C36D5F /* UlalacaCore.framework in Embed Frameworks */ = {isa = PBXBuildFile; fileRef = 85721155283B607000C36D5F /* UlalacaCore.framework */; settings = {ATTRIBUTES = (CodeSignOnCopy, RemoveHeadersOnCopy, ); }; };
		F4EBD136805519C3F8D8314A /* AppDelegate.swift in Sources */ = {isa = PBXBuildFile; fileRef = F4EBD3D9F922ED6C0BBA9607 /* AppDelegate.swift */; };
		F4EBD18EFC3BFC5565288F9C /* CGRect+toULIPCRect.swift in Sources */ = {isa = PBXBuildFile; fileRef = F4EBD846347B06D7E7B73FC1 /* CGRect+toULIPCRect.swift */; };
		F4EBD3107D60426E249C21FD /* ULIPCRect+scale.swift in Sources */ = {isa = PBXBuildFile; fileRef = F4EBDCBA0826CA18FB1E77CF /* ULIPCRect+scale.swift */; };
		F4EBD35869E7EEC01C4CE48D /* SessionManagerClient.swift in Sources */ = {isa = PBXBuildFile; fileRef = F4EBDFDEDFC5A96EE4B3F91C /* SessionManagerClient.swift */; };
		F4EBD455F06C38A5ABA1EA20 /* ProjectionSession.swift in Sources */ = {isa = PBXBuildFile; fileRef = F4EBDEADE7680E1D1466830F /* ProjectionSession.swift */; };
		F4EBD517D25C43D7397EA0FD /* MainMenu.xib in Resources */ = {isa = PBXBuildFile; fileRef = F4EBD2D2B450575F0A669D2E /* MainMenu.xib */; };
		F4EBD732593CF09DECD7B40A /* AVFScreenRecorder.swift in Sources */ = {isa = PBXBuildFile; fileRef = F4EBD55AD46E2D55483DA879 /* AVFScreenRecorder.swift */; };
		F4EBD76B113987454A7E147B /* ScreenRecorder.swift in Sources */ = {isa = PBXBuildFile; fileRef = F4EBDFE9D9C626281B0C28CA /* ScreenRecorder.swift */; };
		F4EBD956FE871FFA877A4E29 /* Assets.xcassets in Resources */ = {isa = PBXBuildFile; fileRef = F4EBD72F7A1676E55BB21493 /* Assets.xcassets */; };
		F4EBDB56734BFEB96256AD50 /* pl.unstabler.ulalaca.sessionprojector.plist in Resources */ = {isa = PBXBuildFile; fileRef = F4EBD5938B6F75A2117975F5 /* pl.unstabler.ulalaca.sessionprojector.plist */; };
		F4EBDBE0AAD914D9EFF51690 /* EventInjector.swift in Sources */ = {isa = PBXBuildFile; fileRef = F4EBD26D71490B77A9B122E0 /* EventInjector.swift */; };
		F4EBDCD57BF1530790AC739E /* SCScreenRecorder.swift in Sources */ = {isa = PBXBuildFile; fileRef = F4EBD0BFDAED6400792ABDFA /* SCScreenRecorder.swift */; };
		F4EBDF22913EDAFF95D17357 /* ProjectionServer.swift in Sources */ = {isa = PBXBuildFile; fileRef = F4EBDB589E76D41675D27BF0 /* ProjectionServer.swift */; };
		F64418B0298554450046032B /* PIDLock.swift in Sources */ = {isa = PBXBuildFile; fileRef = F64418AF298554450046032B /* PIDLock.swift */; };
		F692C1ED298BD565004C584F /* AboutAppWindowView.swift in Sources */ = {isa = PBXBuildFile; fileRef = F692C1EC298BD565004C584F /* AboutAppWindowView.swift */; };
		F692C1F8298BE6D5004C584F /* AboutAppWindow.swift in Sources */ = {isa = PBXBuildFile; fileRef = F692C1F7298BE6D5004C584F /* AboutAppWindow.swift */; };
		F692C1FB298BF3C6004C584F /* NilWindow.swift in Sources */ = {isa = PBXBuildFile; fileRef = F692C1FA298BF3C6004C584F /* NilWindow.swift */; };
		F69F5FD72980F3F600B92A14 /* PreferencesWindowView.swift in Sources */ = {isa = PBXBuildFile; fileRef = F69F5FD62980F3F600B92A14 /* PreferencesWindowView.swift */; };
		F69F5FD9298102D200B92A14 /* AppState.swift in Sources */ = {isa = PBXBuildFile; fileRef = F69F5FD8298102D200B92A14 /* AppState.swift */; };
		F69F5FE129812B0000B92A14 /* Encodable+toJSON.swift in Sources */ = {isa = PBXBuildFile; fileRef = F69F5FE029812B0000B92A14 /* Encodable+toJSON.swift */; };
/* End PBXBuildFile section */

/* Begin PBXCopyFilesBuildPhase section */
		85721158283B607100C36D5F /* Embed Frameworks */ = {
			isa = PBXCopyFilesBuildPhase;
			buildActionMask = 2147483647;
			dstPath = "";
			dstSubfolderSpec = 10;
			files = (
				85721157283B607000C36D5F /* UlalacaCore.framework in Embed Frameworks */,
			);
			name = "Embed Frameworks";
			runOnlyForDeploymentPostprocessing = 0;
		};
/* End PBXCopyFilesBuildPhase section */

/* Begin PBXFileReference section */
		1BA41B1B7ED4F046AA91E399 /* PowerAssertionManager.swift */ = {isa = PBXFileReference; fileEncoding = 4; lastKnownFileType = sourcecode.swift; path = PowerAssertionManager.swift; sourceTree = "<group>"; };
		85721155283B607000C36D5F /* UlalacaCore.framework */ = {isa = PBXFileReference; explicitFileType = wrapper.framework; path = UlalacaCore.framework; sourceTree = BUILT_PRODUCTS_DIR; };
		85935F5F281FBB1D0078D16A /* Info.plist */ = {isa = PBXFileReference; lastKnownFileType = text.plist.xml; path = Info.plist; sourceTree = "<group>"; };
		8599DA13281D109C00D3BDA8 /* sessionprojector-Bridging-Header.h */ = {isa = PBXFileReference; explicitFileType = sourcecode.cpp.h; path = "sessionprojector-Bridging-Header.h"; sourceTree = "<group>"; };
		F4EBD0BFDAED6400792ABDFA /* SCScreenRecorder.swift */ = {isa = PBXFileReference; fileEncoding = 4; lastKnownFileType = sourcecode.swift; path = SCScreenRecorder.swift; sourceTree = "<group>"; };
		F4EBD26D71490B77A9B122E0 /* EventInjector.swift */ = {isa = PBXFileReference; fileEncoding = 4; lastKnownFileType = sourcecode.swift; path = EventInjector.swift; sourceTree = "<group>"; };
		F4EBD3D9F922ED6C0BBA9607 /* AppDelegate.swift */ = {isa = PBXFileReference; lastKnownFileType = sourcecode.swift; path = AppDelegate.swift; sourceTree = "<group>"; };
		F4EBD4FAC6CE68F9E6E2A43E /* sessionprojector.app */ = {isa = PBXFileReference; explicitFileType = wrapper.application; includeInIndex = 0; path = sessionprojector.app; sourceTree = BUILT_PRODUCTS_DIR; };
		F4EBD55AD46E2D55483DA879 /* AVFScreenRecorder.swift */ = {isa = PBXFileReference; fileEncoding = 4; lastKnownFileType = sourcecode.swift; path = AVFScreenRecorder.swift; sourceTree = "<group>"; };
		F4EBD5938B6F75A2117975F5 /* pl.unstabler.ulalaca.sessionprojector.plist */ = {isa = PBXFileReference; fileEncoding = 4; lastKnownFileType = text.plist; path = pl.unstabler.ulalaca.sessionprojector.plist; sourceTree = "<group>"; };
		F4EBD72F7A1676E55BB21493 /* Assets.xcassets */ = {isa = PBXFileReference; lastKnownFileType = folder.assetcatalog; path = Assets.xcassets; sourceTree = "<group>"; };
		F4EBD846347B06D7E7B73FC1 /* CGRect+toULIPCRect.swift */ = {isa = PBXFileReference; fileEncoding = 4; lastKnownFileType = sourcecode.swift; path = "CGRect+toULIPCRect.swift"; sourceTree = "<group>"; };
		F4EBDB589E76D41675D27BF0 /* ProjectionServer.swift */ = {isa = PBXFileReference; fileEncoding = 4; lastKnownFileType = sourcecode.swift; path = ProjectionServer.swift; sourceTree = "<group>"; };
		F4EBDB6CE8B3BF020BD4FE81 /* sessionprojector.entitlements */ = {isa = PBXFileReference; lastKnownFileType = text.plist.entitlements; path = sessionprojector.entitlements; sourceTree = "<group>"; };
		F4EBDCBA0826CA18FB1E77CF /* ULIPCRect+scale.swift */ = {isa = PBXFileReference; fileEncoding = 4; lastKnownFileType = sourcecode.swift; path = "ULIPCRect+scale.swift"; sourceTree = "<group>"; };
		F4EBDEADE7680E1D1466830F /* ProjectionSession.swift */ = {isa = PBXFileReference; fileEncoding = 4; lastKnownFileType = sourcecode.swift; path = ProjectionSession.swift; sourceTree = "<group>"; };
		F4EBDEC6CB9E4322333D6C24 /* Base */ = {isa = PBXFileReference; lastKnownFileType = file.xib; name = Base; path = Base.lproj/MainMenu.xib; sourceTree = "<group>"; };
		F4EBDFDEDFC5A96EE4B3F91C /* SessionManagerClient.swift */ = {isa = PBXFileReference; fileEncoding = 4; lastKnownFileType = sourcecode.swift; path = SessionManagerClient.swift; sourceTree = "<group>"; };
		F4EBDFE9D9C626281B0C28CA /* ScreenRecorder.swift */ = {isa = PBXFileReference; fileEncoding = 4; lastKnownFileType = sourcecode.swift; path = ScreenRecorder.swift; sourceTree = "<group>"; };
		F64418AF298554450046032B /* PIDLock.swift */ = {isa = PBXFileReference; lastKnownFileType = sourcecode.swift; path = PIDLock.swift; sourceTree = "<group>"; };
		F692C1EC298BD565004C584F /* AboutAppWindowView.swift */ = {isa = PBXFileReference; lastKnownFileType = sourcecode.swift; path = AboutAppWindowView.swift; sourceTree = "<group>"; };
		F692C1F7298BE6D5004C584F /* AboutAppWindow.swift */ = {isa = PBXFileReference; lastKnownFileType = sourcecode.swift; path = AboutAppWindow.swift; sourceTree = "<group>"; };
		F692C1FA298BF3C6004C584F /* NilWindow.swift */ = {isa = PBXFileReference; lastKnownFileType = sourcecode.swift; path = NilWindow.swift; sourceTree = "<group>"; };
		F69F5FD62980F3F600B92A14 /* PreferencesWindowView.swift */ = {isa = PBXFileReference; lastKnownFileType = sourcecode.swift; path = PreferencesWindowView.swift; sourceTree = "<group>"; };
		F69F5FD8298102D200B92A14 /* AppState.swift */ = {isa = PBXFileReference; lastKnownFileType = sourcecode.swift; path = AppState.swift; sourceTree = "<group>"; };
		F69F5FE029812B0000B92A14 /* Encodable+toJSON.swift */ = {isa = PBXFileReference; lastKnownFileType = sourcecode.swift; path = "Encodable+toJSON.swift"; sourceTree = "<group>"; };
/* End PBXFileReference section */

/* Begin PBXFrameworksBuildPhase section */
		F4EBDC344872D4051F53DDB7 /* Frameworks */ = {
			isa = PBXFrameworksBuildPhase;
			buildActionMask = 2147483647;
			files = (
				85721156283B607000C36D5F /* UlalacaCore.framework in Frameworks */,
			);
			runOnlyForDeploymentPostprocessing = 0;
		};
/* End PBXFrameworksBuildPhase section */

/* Begin PBXGroup section */
		85E99EB22832878F00743D34 /* Frameworks */ = {
			isa = PBXGroup;
			children = (
				85721155283B607000C36D5F /* UlalacaCore.framework */,
			);
			name = Frameworks;
			sourceTree = "<group>";
		};
		F4EBD04EE5384ECCE555441A /* sessionprojector */ = {
			isa = PBXGroup;
			children = (
				F692C1F9298BF395004C584F /* recorder */,
				F69F5FD22980F17400B92A14 /* ui */,
				85935F5F281FBB1D0078D16A /* Info.plist */,
				F4EBD72F7A1676E55BB21493 /* Assets.xcassets */,
				F4EBDB6CE8B3BF020BD4FE81 /* sessionprojector.entitlements */,
				F4EBD3D9F922ED6C0BBA9607 /* AppDelegate.swift */,
				F69F5FD8298102D200B92A14 /* AppState.swift */,
				F4EBD2D2B450575F0A669D2E /* MainMenu.xib */,
				F4EBDB589E76D41675D27BF0 /* ProjectionServer.swift */,
				8599DA13281D109C00D3BDA8 /* sessionprojector-Bridging-Header.h */,
				F4EBDEADE7680E1D1466830F /* ProjectionSession.swift */,
				F4EBD26D71490B77A9B122E0 /* EventInjector.swift */,
				F4EBDFDEDFC5A96EE4B3F91C /* SessionManagerClient.swift */,
				F4EBDCBA0826CA18FB1E77CF /* ULIPCRect+scale.swift */,
				F4EBD846347B06D7E7B73FC1 /* CGRect+toULIPCRect.swift */,
				F69F5FE029812B0000B92A14 /* Encodable+toJSON.swift */,
				F64418AF298554450046032B /* PIDLock.swift */,
				1BA41B1B7ED4F046AA91E399 /* PowerAssertionManager.swift */,
			);
			path = sessionprojector;
			sourceTree = "<group>";
		};
		F4EBD395941AA1C0143EE05A /* Products */ = {
			isa = PBXGroup;
			children = (
				F4EBD4FAC6CE68F9E6E2A43E /* sessionprojector.app */,
			);
			name = Products;
			sourceTree = "<group>";
		};
		F4EBD459F3A9AD126C721B6B /* LaunchAgents */ = {
			isa = PBXGroup;
			children = (
				F4EBD5938B6F75A2117975F5 /* pl.unstabler.ulalaca.sessionprojector.plist */,
			);
			path = LaunchAgents;
			sourceTree = "<group>";
		};
		F4EBDE03F3D9B15B1CC3E38B = {
			isa = PBXGroup;
			children = (
				F4EBD395941AA1C0143EE05A /* Products */,
				F4EBD04EE5384ECCE555441A /* sessionprojector */,
				85E99EB22832878F00743D34 /* Frameworks */,
				F4EBD459F3A9AD126C721B6B /* LaunchAgents */,
			);
			sourceTree = "<group>";
		};
		F692C1F9298BF395004C584F /* recorder */ = {
			isa = PBXGroup;
			children = (
				F4EBDFE9D9C626281B0C28CA /* ScreenRecorder.swift */,
				F4EBD0BFDAED6400792ABDFA /* SCScreenRecorder.swift */,
				F4EBD55AD46E2D55483DA879 /* AVFScreenRecorder.swift */,
			);
			path = recorder;
			sourceTree = "<group>";
		};
		F69F5FD22980F17400B92A14 /* ui */ = {
			isa = PBXGroup;
			children = (
				F69F5FD62980F3F600B92A14 /* PreferencesWindowView.swift */,
				F692C1EC298BD565004C584F /* AboutAppWindowView.swift */,
				F692C1F7298BE6D5004C584F /* AboutAppWindow.swift */,
				F692C1FA298BF3C6004C584F /* NilWindow.swift */,
			);
			path = ui;
			sourceTree = "<group>";
		};
/* End PBXGroup section */

/* Begin PBXNativeTarget section */
		F4EBDE2C5FCD00665BEE5C74 /* sessionprojector */ = {
			isa = PBXNativeTarget;
			buildConfigurationList = F4EBD8ED5E373931443FB66D /* Build configuration list for PBXNativeTarget "sessionprojector" */;
			buildPhases = (
				F4EBDC344872D4051F53DDB7 /* Frameworks */,
				F4EBDADE5C9CC513189DA386 /* Sources */,
				F4EBD76277FDFC494C5C1093 /* Resources */,
				85721158283B607100C36D5F /* Embed Frameworks */,
			);
			buildRules = (
			);
			dependencies = (
			);
			name = sessionprojector;
			productName = sessionprojector;
			productReference = F4EBD4FAC6CE68F9E6E2A43E /* sessionprojector.app */;
			productType = "com.apple.product-type.application";
		};
/* End PBXNativeTarget section */

/* Begin PBXProject section */
		F4EBDD9F2CE690A0962F1060 /* Project object */ = {
			isa = PBXProject;
			attributes = {
				LastSwiftUpdateCheck = 1330;
				LastUpgradeCheck = 1330;
				TargetAttributes = {
					F4EBDE2C5FCD00665BEE5C74 = {
						DevelopmentTeam = XHA76UVA95;
						ProvisioningStyle = Manual;
					};
				};
			};
			buildConfigurationList = F4EBDF30DCA3B8F1407ADCAB /* Build configuration list for PBXProject "sessionprojector" */;
			compatibilityVersion = "Xcode 3.2";
			developmentRegion = English;
			hasScannedForEncodings = 0;
			knownRegions = (
				English,
				en,
				Base,
			);
			mainGroup = F4EBDE03F3D9B15B1CC3E38B;
			productRefGroup = F4EBD395941AA1C0143EE05A /* Products */;
			projectDirPath = "";
			projectRoot = "";
			targets = (
				F4EBDE2C5FCD00665BEE5C74 /* sessionprojector */,
			);
		};
/* End PBXProject section */

/* Begin PBXResourcesBuildPhase section */
		F4EBD76277FDFC494C5C1093 /* Resources */ = {
			isa = PBXResourcesBuildPhase;
			buildActionMask = 2147483647;
			files = (
				F4EBD956FE871FFA877A4E29 /* Assets.xcassets in Resources */,
				F4EBD517D25C43D7397EA0FD /* MainMenu.xib in Resources */,
				F4EBDB56734BFEB96256AD50 /* pl.unstabler.ulalaca.sessionprojector.plist in Resources */,
			);
			runOnlyForDeploymentPostprocessing = 0;
		};
/* End PBXResourcesBuildPhase section */

/* Begin PBXSourcesBuildPhase section */
		F4EBDADE5C9CC513189DA386 /* Sources */ = {
			isa = PBXSourcesBuildPhase;
			buildActionMask = 2147483647;
			files = (
				F4EBD136805519C3F8D8314A /* AppDelegate.swift in Sources */,
				F69F5FD72980F3F600B92A14 /* PreferencesWindowView.swift in Sources */,
				F4EBD76B113987454A7E147B /* ScreenRecorder.swift in Sources */,
				F69F5FD9298102D200B92A14 /* AppState.swift in Sources */,
				F64418B0298554450046032B /* PIDLock.swift in Sources */,
				F4EBDF22913EDAFF95D17357 /* ProjectionServer.swift in Sources */,
				F4EBD455F06C38A5ABA1EA20 /* ProjectionSession.swift in Sources */,
				F4EBDBE0AAD914D9EFF51690 /* EventInjector.swift in Sources */,
				F692C1F8298BE6D5004C584F /* AboutAppWindow.swift in Sources */,
				F692C1ED298BD565004C584F /* AboutAppWindowView.swift in Sources */,
				F4EBD35869E7EEC01C4CE48D /* SessionManagerClient.swift in Sources */,
				F4EBDCD57BF1530790AC739E /* SCScreenRecorder.swift in Sources */,
				F4EBD732593CF09DECD7B40A /* AVFScreenRecorder.swift in Sources */,
				F692C1FB298BF3C6004C584F /* NilWindow.swift in Sources */,
				F4EBD3107D60426E249C21FD /* ULIPCRect+scale.swift in Sources */,
				F4EBD18EFC3BFC5565288F9C /* CGRect+toULIPCRect.swift in Sources */,
				F69F5FE129812B0000B92A14 /* Encodable+toJSON.swift in Sources */,
				1BA41E977C738BC865DFA0B1 /* PowerAssertionManager.swift in Sources */,
			);
			runOnlyForDeploymentPostprocessing = 0;
		};
/* End PBXSourcesBuildPhase section */

/* Begin PBXVariantGroup section */
		F4EBD2D2B450575F0A669D2E /* MainMenu.xib */ = {
			isa = PBXVariantGroup;
			children = (
				F4EBDEC6CB9E4322333D6C24 /* Base */,
			);
			name = MainMenu.xib;
			sourceTree = "<group>";
		};
/* End PBXVariantGroup section */

/* Begin XCBuildConfiguration section */
		F4EBD33BCC59C0E1F9D944F5 /* Debug */ = {
			isa = XCBuildConfiguration;
			buildSettings = {
				ASSETCATALOG_COMPILER_APPICON_NAME = AppIcon;
				ASSETCATALOG_COMPILER_GLOBAL_ACCENT_COLOR_NAME = AccentColor;
				CODE_SIGN_ENTITLEMENTS = sessionprojector/sessionprojector.entitlements;
				CODE_SIGN_IDENTITY = "-";
				"CODE_SIGN_IDENTITY[sdk=macosx*]" = "Apple Development";
				CODE_SIGN_STYLE = Manual;
				COMBINE_HIDPI_IMAGES = YES;
				CURRENT_PROJECT_VERSION = 1;
				DEVELOPMENT_TEAM = "";
				"DEVELOPMENT_TEAM[sdk=macosx*]" = XHA76UVA95;
				FRAMEWORK_SEARCH_PATHS = "$(inherit)/**";
				GCC_INPUT_FILETYPE = automatic;
				GENERATE_INFOPLIST_FILE = YES;
				INFOPLIST_FILE = sessionprojector/Info.plist;
				INFOPLIST_KEY_CFBundleDisplayName = "Ulalaca: Session Projector";
				INFOPLIST_KEY_NSHumanReadableCopyright = "";
				INFOPLIST_KEY_NSMainNibFile = MainMenu;
				INFOPLIST_KEY_NSPrincipalClass = NSApplication;
				LD_RUNPATH_SEARCH_PATHS = "$(inherited) @executable_path/../Frameworks";
				MACOSX_DEPLOYMENT_TARGET = 13.0;
				MARKETING_VERSION = 1.0;
				OTHER_LDFLAGS = (
					"-sectcreate",
					__CGPreLoginApp,
					__cgpreloginapp,
					/dev/null,
				);
				PRODUCT_BUNDLE_IDENTIFIER = pl.unstabler.ulalaca.sessionprojector;
				PRODUCT_NAME = "${TARGET_NAME}";
				PROVISIONING_PROFILE_SPECIFIER = "";
				"PROVISIONING_PROFILE_SPECIFIER[sdk=macosx*]" = "";
				SWIFT_EMIT_LOC_STRINGS = YES;
				SWIFT_OBJC_BRIDGING_HEADER = "sessionprojector/sessionprojector-Bridging-Header.h";
				SWIFT_VERSION = 5.0;
			};
			name = Debug;
		};
		F4EBD73FB876295C3001260C /* Debug */ = {
			isa = XCBuildConfiguration;
			buildSettings = {
				ALWAYS_SEARCH_USER_PATHS = NO;
				CLANG_ANALYZER_NONNULL = YES;
				CLANG_ANALYZER_NUMBER_OBJECT_CONVERSION = YES_AGGRESSIVE;
				CLANG_CXX_LANGUAGE_STANDARD = "gnu++17";
				CLANG_ENABLE_MODULES = YES;
				CLANG_ENABLE_OBJC_ARC = YES;
				CLANG_ENABLE_OBJC_WEAK = YES;
				CLANG_WARN_BLOCK_CAPTURE_AUTORELEASING = YES;
				CLANG_WARN_BOOL_CONVERSION = YES;
				CLANG_WARN_COMMA = YES;
				CLANG_WARN_CONSTANT_CONVERSION = YES;
				CLANG_WARN_DEPRECATED_OBJC_IMPLEMENTATIONS = YES;
				CLANG_WARN_DIRECT_OBJC_ISA_USAGE = YES_ERROR;
				CLANG_WARN_DOCUMENTATION_COMMENTS = YES;
				CLANG_WARN_EMPTY_BODY = YES;
				CLANG_WARN_ENUM_CONVERSION = YES;
				CLANG_WARN_INFINITE_RECURSION = YES;
				CLANG_WARN_INT_CONVERSION = YES;
				CLANG_WARN_NON_LITERAL_NULL_CONVERSION = YES;
				CLANG_WARN_OBJC_IMPLICIT_RETAIN_SELF = YES;
				CLANG_WARN_OBJC_LITERAL_CONVERSION = YES;
				CLANG_WARN_OBJC_ROOT_CLASS = YES_ERROR;
				CLANG_WARN_QUOTED_INCLUDE_IN_FRAMEWORK_HEADER = YES;
				CLANG_WARN_RANGE_LOOP_ANALYSIS = YES;
				CLANG_WARN_STRICT_PROTOTYPES = YES;
				CLANG_WARN_SUSPICIOUS_MOVE = YES;
				CLANG_WARN_UNGUARDED_AVAILABILITY = YES_AGGRESSIVE;
				CLANG_WARN_UNREACHABLE_CODE = YES;
				CLANG_WARN__DUPLICATE_METHOD_MATCH = YES;
				COPY_PHASE_STRIP = NO;
				DEBUG_INFORMATION_FORMAT = dwarf;
				ENABLE_STRICT_OBJC_MSGSEND = YES;
				ENABLE_TESTABILITY = YES;
				GCC_C_LANGUAGE_STANDARD = gnu11;
				GCC_DYNAMIC_NO_PIC = NO;
				GCC_NO_COMMON_BLOCKS = YES;
				GCC_OPTIMIZATION_LEVEL = 0;
				GCC_PREPROCESSOR_DEFINITIONS = (
					"DEBUG=1",
					"$(inherited)",
				);
				GCC_WARN_64_TO_32_BIT_CONVERSION = YES;
				GCC_WARN_ABOUT_RETURN_TYPE = YES_ERROR;
				GCC_WARN_UNDECLARED_SELECTOR = YES;
				GCC_WARN_UNINITIALIZED_AUTOS = YES_AGGRESSIVE;
				GCC_WARN_UNUSED_FUNCTION = YES;
				GCC_WARN_UNUSED_VARIABLE = YES;
				MACOSX_DEPLOYMENT_TARGET = 13.0;
				MTL_ENABLE_DEBUG_INFO = INCLUDE_SOURCE;
				MTL_FAST_MATH = YES;
				ONLY_ACTIVE_ARCH = YES;
				PRODUCT_NAME = sessionprojector;
				SDKROOT = macosx;
				SWIFT_ACTIVE_COMPILATION_CONDITIONS = DEBUG;
				SWIFT_OPTIMIZATION_LEVEL = "-Onone";
			};
			name = Debug;
		};
		F4EBDD15CD06368AF1675240 /* Release */ = {
			isa = XCBuildConfiguration;
			buildSettings = {
				ALWAYS_SEARCH_USER_PATHS = NO;
				CLANG_ANALYZER_NONNULL = YES;
				CLANG_ANALYZER_NUMBER_OBJECT_CONVERSION = YES_AGGRESSIVE;
				CLANG_CXX_LANGUAGE_STANDARD = "gnu++17";
				CLANG_ENABLE_MODULES = YES;
				CLANG_ENABLE_OBJC_ARC = YES;
				CLANG_ENABLE_OBJC_WEAK = YES;
				CLANG_WARN_BLOCK_CAPTURE_AUTORELEASING = YES;
				CLANG_WARN_BOOL_CONVERSION = YES;
				CLANG_WARN_COMMA = YES;
				CLANG_WARN_CONSTANT_CONVERSION = YES;
				CLANG_WARN_DEPRECATED_OBJC_IMPLEMENTATIONS = YES;
				CLANG_WARN_DIRECT_OBJC_ISA_USAGE = YES_ERROR;
				CLANG_WARN_DOCUMENTATION_COMMENTS = YES;
				CLANG_WARN_EMPTY_BODY = YES;
				CLANG_WARN_ENUM_CONVERSION = YES;
				CLANG_WARN_INFINITE_RECURSION = YES;
				CLANG_WARN_INT_CONVERSION = YES;
				CLANG_WARN_NON_LITERAL_NULL_CONVERSION = YES;
				CLANG_WARN_OBJC_IMPLICIT_RETAIN_SELF = YES;
				CLANG_WARN_OBJC_LITERAL_CONVERSION = YES;
				CLANG_WARN_OBJC_ROOT_CLASS = YES_ERROR;
				CLANG_WARN_QUOTED_INCLUDE_IN_FRAMEWORK_HEADER = YES;
				CLANG_WARN_RANGE_LOOP_ANALYSIS = YES;
				CLANG_WARN_STRICT_PROTOTYPES = YES;
				CLANG_WARN_SUSPICIOUS_MOVE = YES;
				CLANG_WARN_UNGUARDED_AVAILABILITY = YES_AGGRESSIVE;
				CLANG_WARN_UNREACHABLE_CODE = YES;
				CLANG_WARN__DUPLICATE_METHOD_MATCH = YES;
				COPY_PHASE_STRIP = NO;
				DEBUG_INFORMATION_FORMAT = "dwarf-with-dsym";
				ENABLE_NS_ASSERTIONS = NO;
				ENABLE_STRICT_OBJC_MSGSEND = YES;
				GCC_C_LANGUAGE_STANDARD = gnu11;
				GCC_NO_COMMON_BLOCKS = YES;
				GCC_WARN_64_TO_32_BIT_CONVERSION = YES;
				GCC_WARN_ABOUT_RETURN_TYPE = YES_ERROR;
				GCC_WARN_UNDECLARED_SELECTOR = YES;
				GCC_WARN_UNINITIALIZED_AUTOS = YES_AGGRESSIVE;
				GCC_WARN_UNUSED_FUNCTION = YES;
				GCC_WARN_UNUSED_VARIABLE = YES;
				MACOSX_DEPLOYMENT_TARGET = 13.0;
				MTL_ENABLE_DEBUG_INFO = NO;
				MTL_FAST_MATH = YES;
				PRODUCT_NAME = sessionprojector;
				SDKROOT = macosx;
				SWIFT_OPTIMIZATION_LEVEL = "-Owholemodule";
			};
			name = Release;
		};
		F4EBDF8AFC8AC620A2716EFE /* Release */ = {
			isa = XCBuildConfiguration;
			buildSettings = {
				ASSETCATALOG_COMPILER_APPICON_NAME = AppIcon;
				ASSETCATALOG_COMPILER_GLOBAL_ACCENT_COLOR_NAME = AccentColor;
				CODE_SIGN_ENTITLEMENTS = sessionprojector/sessionprojector.entitlements;
				CODE_SIGN_IDENTITY = "-";
				"CODE_SIGN_IDENTITY[sdk=macosx*]" = "Apple Development";
				CODE_SIGN_STYLE = Manual;
				COMBINE_HIDPI_IMAGES = YES;
				CURRENT_PROJECT_VERSION = 1;
				DEVELOPMENT_TEAM = "";
				"DEVELOPMENT_TEAM[sdk=macosx*]" = XHA76UVA95;
				FRAMEWORK_SEARCH_PATHS = "$(inherit)/**";
				GCC_INPUT_FILETYPE = automatic;
				GENERATE_INFOPLIST_FILE = YES;
				INFOPLIST_FILE = sessionprojector/Info.plist;
				INFOPLIST_KEY_CFBundleDisplayName = "Ulalaca: Session Projector";
				INFOPLIST_KEY_NSHumanReadableCopyright = "";
				INFOPLIST_KEY_NSMainNibFile = MainMenu;
				INFOPLIST_KEY_NSPrincipalClass = NSApplication;
				LD_RUNPATH_SEARCH_PATHS = "$(inherited) @executable_path/../Frameworks";
				MACOSX_DEPLOYMENT_TARGET = 13.0;
				MARKETING_VERSION = 1.0;
				OTHER_LDFLAGS = (
					"-sectcreate",
					__CGPreLoginApp,
					__cgpreloginapp,
					/dev/null,
				);
				PRODUCT_BUNDLE_IDENTIFIER = pl.unstabler.ulalaca.sessionprojector;
				PRODUCT_NAME = "${TARGET_NAME}";
				PROVISIONING_PROFILE_SPECIFIER = "";
				"PROVISIONING_PROFILE_SPECIFIER[sdk=macosx*]" = "";
				SWIFT_EMIT_LOC_STRINGS = YES;
				SWIFT_OBJC_BRIDGING_HEADER = "sessionprojector/sessionprojector-Bridging-Header.h";
				SWIFT_VERSION = 5.0;
			};
			name = Release;
		};
/* End XCBuildConfiguration section */

/* Begin XCConfigurationList section */
		F4EBD8ED5E373931443FB66D /* Build configuration list for PBXNativeTarget "sessionprojector" */ = {
			isa = XCConfigurationList;
			buildConfigurations = (
				F4EBD33BCC59C0E1F9D944F5 /* Debug */,
				F4EBDF8AFC8AC620A2716EFE /* Release */,
			);
			defaultConfigurationIsVisible = 0;
			defaultConfigurationName = Release;
		};
		F4EBDF30DCA3B8F1407ADCAB /* Build configuration list for PBXProject "sessionprojector" */ = {
			isa = XCConfigurationList;
			buildConfigurations = (
				F4EBD73FB876295C3001260C /* Debug */,
				F4EBDD15CD06368AF1675240 /* Release */,
			);
			defaultConfigurationIsVisible = 0;
			defaultConfigurationName = Release;
		};
/* End XCConfigurationList section */
	};
	rootObject = F4EBDD9F2CE690A0962F1060 /* Project object */;
}
